{
  "version": 4,
  "terraform_version": "1.14.4",
  "serial": 453,
  "lineage": "b004a5ce-71e4-8a05-6943-20713d1a4d6d",
  "outputs": {
    "alb_dns_name": {
      "value": "strapi-project-alb-859140182.us-east-1.elb.amazonaws.com",
      "type": "string"
    },
    "alb_zone_id": {
      "value": "Z35SXDOTRQ7X7K",
      "type": "string"
    },
    "ec2_instance_id": {
      "value": "i-01badf79045c79f1f",
      "type": "string"
    },
    "ec2_private_ip": {
      "value": "10.0.10.186",
      "type": "string"
    },
    "private_subnet_ids": {
      "value": [
        "subnet-005170e2fa34bd374",
        "subnet-0d3ffbbe5fe40f1f3"
      ],
      "type": [
        "tuple",
        [
          "string",
          "string"
        ]
      ]
    },
    "public_subnet_ids": {
      "value": [
        "subnet-06969bb0a8e7ee701",
        "subnet-0a0184d75ae98b6d8"
      ],
      "type": [
        "tuple",
        [
          "string",
          "string"
        ]
      ]
    },
    "ssm_connect_command": {
      "value": "aws ssm start-session --target i-01badf79045c79f1f",
      "type": "string"
    },
    "strapi_url": {
      "value": "http://strapi-project-alb-859140182.us-east-1.elb.amazonaws.com",
      "type": "string"
    },
    "vpc_id": {
      "value": "vpc-0a91209c88ebc6dac",
      "type": "string"
    }
  },
  "resources": [
    {
      "mode": "data",
      "type": "aws_ssm_parameter",
      "name": "ubuntu_ami",
      "provider": "provider[\"registry.terraform.io/hashicorp/aws\"]",
      "instances": [
        {
          "schema_version": 0,
          "attributes": {
            "arn": "arn:aws:ssm:us-east-1::parameter/aws/service/canonical/ubuntu/server/22.04/stable/current/amd64/hvm/ebs-gp2/ami-id",
            "id": "/aws/service/canonical/ubuntu/server/22.04/stable/current/amd64/hvm/ebs-gp2/ami-id",
            "insecure_value": "ami-0030e4319cbf4dbf2",
            "name": "/aws/service/canonical/ubuntu/server/22.04/stable/current/amd64/hvm/ebs-gp2/ami-id",
            "region": "us-east-1",
            "type": "String",
            "value": "ami-0030e4319cbf4dbf2",
            "version": 65,
            "with_decryption": true
          },
          "sensitive_attributes": [
            [
              {
                "type": "get_attr",
                "value": "value"
              }
            ]
          ],
          "identity_schema_version": 0
        }
      ]
    },
    {
      "mode": "managed",
      "type": "aws_eip",
      "name": "nat",
      "provider": "provider[\"registry.terraform.io/hashicorp/aws\"]",
      "instances": [
        {
          "schema_version": 0,
          "attributes": {
            "address": null,
            "allocation_id": "eipalloc-091f22a360915c84d",
            "arn": "arn:aws:ec2:us-east-1:993508681559:elastic-ip/eipalloc-091f22a360915c84d",
            "associate_with_private_ip": null,
            "association_id": "eipassoc-05bc07b5fca23016b",
            "carrier_ip": "",
            "customer_owned_ip": "",
            "customer_owned_ipv4_pool": "",
            "domain": "vpc",
            "id": "eipalloc-091f22a360915c84d",
            "instance": "",
            "ipam_pool_id": null,
            "network_border_group": "us-east-1",
            "network_interface": "eni-0847b30edbc924991",
            "private_dns": "ip-10-0-1-102.ec2.internal",
            "private_ip": "10.0.1.102",
            "ptr_record": "",
            "public_dns": "ec2-107-23-241-251.compute-1.amazonaws.com",
            "public_ip": "107.23.241.251",
            "public_ipv4_pool": "amazon",
            "region": "us-east-1",
            "tags": {
              "Name": "strapi-project-nat-eip"
            },
            "tags_all": {
              "Name": "strapi-project-nat-eip"
            },
            "timeouts": null
          },
          "sensitive_attributes": [],
          "identity_schema_version": 0,
          "private": "eyJlMmJmYjczMC1lY2FhLTExZTYtOGY4OC0zNDM2M2JjN2M0YzAiOnsiZGVsZXRlIjoxODAwMDAwMDAwMDAsInJlYWQiOjkwMDAwMDAwMDAwMCwidXBkYXRlIjozMDAwMDAwMDAwMDB9fQ==",
          "dependencies": [
            "aws_internet_gateway.gw",
            "aws_vpc.main"
          ]
        }
      ]
    },
    {
      "mode": "managed",
      "type": "aws_iam_instance_profile",
      "name": "ec2_profile",
      "provider": "provider[\"registry.terraform.io/hashicorp/aws\"]",
      "instances": [
        {
          "schema_version": 0,
          "attributes": {
            "arn": "arn:aws:iam::993508681559:instance-profile/strapi-project-ec2-profile",
            "create_date": "2026-02-06T11:26:31Z",
            "id": "strapi-project-ec2-profile",
            "name": "strapi-project-ec2-profile",
            "name_prefix": "",
            "path": "/",
            "role": "strapi-project-ec2-ssm-role",
            "tags": {},
            "tags_all": {},
            "unique_id": "AIPA6OUN3M5L2PDRKEMDP"
          },
          "sensitive_attributes": [],
          "identity_schema_version": 0,
          "private": "bnVsbA==",
          "dependencies": [
            "aws_iam_role.ec2_ssm_role"
          ]
        }
      ]
    },
    {
      "mode": "managed",
      "type": "aws_iam_role",
      "name": "ec2_ssm_role",
      "provider": "provider[\"registry.terraform.io/hashicorp/aws\"]",
      "instances": [
        {
          "schema_version": 0,
          "attributes": {
            "arn": "arn:aws:iam::993508681559:role/strapi-project-ec2-ssm-role",
            "assume_role_policy": "{\"Statement\":[{\"Action\":\"sts:AssumeRole\",\"Effect\":\"Allow\",\"Principal\":{\"Service\":\"ec2.amazonaws.com\"}}],\"Version\":\"2012-10-17\"}",
            "create_date": "2026-02-06T11:26:29Z",
            "description": "",
            "force_detach_policies": false,
            "id": "strapi-project-ec2-ssm-role",
            "inline_policy": [],
            "managed_policy_arns": [
              "arn:aws:iam::aws:policy/AmazonSSMManagedInstanceCore"
            ],
            "max_session_duration": 3600,
            "name": "strapi-project-ec2-ssm-role",
            "name_prefix": "",
            "path": "/",
            "permissions_boundary": "",
            "tags": {
              "Name": "strapi-project-ec2-ssm-role"
            },
            "tags_all": {
              "Name": "strapi-project-ec2-ssm-role"
            },
            "unique_id": "AROA6OUN3M5LSD6RG4MTK"
          },
          "sensitive_attributes": [],
          "identity_schema_version": 0,
          "identity": {
            "account_id": "993508681559",
            "name": "strapi-project-ec2-ssm-role"
          },
          "private": "bnVsbA=="
        }
      ]
    },
    {
      "mode": "managed",
      "type": "aws_iam_role_policy_attachment",
      "name": "ssm_policy",
      "provider": "provider[\"registry.terraform.io/hashicorp/aws\"]",
      "instances": [
        {
          "schema_version": 0,
          "attributes": {
            "id": "strapi-project-ec2-ssm-role/arn:aws:iam::aws:policy/AmazonSSMManagedInstanceCore",
            "policy_arn": "arn:aws:iam::aws:policy/AmazonSSMManagedInstanceCore",
            "role": "strapi-project-ec2-ssm-role"
          },
          "sensitive_attributes": [],
          "identity_schema_version": 0,
          "identity": {
            "account_id": "993508681559",
            "policy_arn": "arn:aws:iam::aws:policy/AmazonSSMManagedInstanceCore",
            "role": "strapi-project-ec2-ssm-role"
          },
          "private": "bnVsbA==",
          "dependencies": [
            "aws_iam_role.ec2_ssm_role"
          ]
        }
      ]
    },
    {
      "mode": "managed",
      "type": "aws_instance",
      "name": "strapi_app",
      "provider": "provider[\"registry.terraform.io/hashicorp/aws\"]",
      "instances": [
        {
          "schema_version": 2,
          "attributes": {
            "ami": "ami-0030e4319cbf4dbf2",
            "arn": "arn:aws:ec2:us-east-1:993508681559:instance/i-01badf79045c79f1f",
            "associate_public_ip_address": false,
            "availability_zone": "us-east-1a",
            "capacity_reservation_specification": [
              {
                "capacity_reservation_preference": "open",
                "capacity_reservation_target": []
              }
            ],
            "cpu_options": [
              {
                "amd_sev_snp": "",
                "core_count": 1,
                "threads_per_core": 2
              }
            ],
            "credit_specification": [
              {
                "cpu_credits": "unlimited"
              }
            ],
            "disable_api_stop": false,
            "disable_api_termination": false,
            "ebs_block_device": [],
            "ebs_optimized": false,
            "enable_primary_ipv6": null,
            "enclave_options": [
              {
                "enabled": false
              }
            ],
            "ephemeral_block_device": [],
            "force_destroy": false,
            "get_password_data": false,
            "hibernation": false,
            "host_id": "",
            "host_resource_group_arn": null,
            "iam_instance_profile": "strapi-project-ec2-profile",
            "id": "i-01badf79045c79f1f",
            "instance_initiated_shutdown_behavior": "stop",
            "instance_lifecycle": "",
            "instance_market_options": [],
            "instance_state": "running",
            "instance_type": "t3.medium",
            "ipv6_address_count": 0,
            "ipv6_addresses": [],
            "key_name": "strapi-project-key",
            "launch_template": [],
            "maintenance_options": [
              {
                "auto_recovery": "default"
              }
            ],
            "metadata_options": [
              {
                "http_endpoint": "enabled",
                "http_protocol_ipv6": "disabled",
                "http_put_response_hop_limit": 1,
                "http_tokens": "optional",
                "instance_metadata_tags": "disabled"
              }
            ],
            "monitoring": false,
            "network_interface": [],
            "outpost_arn": "",
            "password_data": "",
            "placement_group": "",
            "placement_group_id": "",
            "placement_partition_number": 0,
            "primary_network_interface": [
              {
                "delete_on_termination": true,
                "network_interface_id": "eni-0ef150f9efa86aa50"
              }
            ],
            "primary_network_interface_id": "eni-0ef150f9efa86aa50",
            "private_dns": "ip-10-0-10-186.ec2.internal",
            "private_dns_name_options": [
              {
                "enable_resource_name_dns_a_record": false,
                "enable_resource_name_dns_aaaa_record": false,
                "hostname_type": "ip-name"
              }
            ],
            "private_ip": "10.0.10.186",
            "public_dns": "",
            "public_ip": "",
            "region": "us-east-1",
            "root_block_device": [
              {
                "delete_on_termination": true,
                "device_name": "/dev/sda1",
                "encrypted": false,
                "iops": 100,
                "kms_key_id": "",
                "tags": {},
                "tags_all": {},
                "throughput": 0,
                "volume_id": "vol-07e9c071133d951c3",
                "volume_size": 8,
                "volume_type": "gp2"
              }
            ],
            "secondary_private_ips": [],
            "security_groups": [],
            "source_dest_check": true,
            "spot_instance_request_id": "",
            "subnet_id": "subnet-005170e2fa34bd374",
            "tags": {
              "Name": "strapi-project-ec2"
            },
            "tags_all": {
              "Name": "strapi-project-ec2"
            },
            "tenancy": "default",
            "timeouts": null,
            "user_data": "#!/bin/bash\nexec \u003e /var/log/user-data.log 2\u003e\u00261\nset -ex\n              \necho \"=== Starting Strapi Setup ===\"\necho \"Timestamp: $(date)\"\n              \n# ============================================\n# WAIT FOR INTERNET CONNECTIVITY VIA NAT GATEWAY\n# ============================================\necho \"=== Waiting for NAT Gateway connectivity ===\"\nMAX_RETRIES=30\nRETRY_COUNT=0\n              \nwhile [ $RETRY_COUNT -lt $MAX_RETRIES ]; do\n  if curl -s --connect-timeout 5 https://google.com \u003e /dev/null 2\u003e\u00261; then\n    echo \"Internet connectivity established via NAT Gateway!\"\n    break\n  fi\n  RETRY_COUNT=$((RETRY_COUNT + 1))\n  echo \"Waiting for internet connectivity... attempt $RETRY_COUNT/$MAX_RETRIES\"\n  sleep 10\ndone\n              \nif [ $RETRY_COUNT -eq $MAX_RETRIES ]; then\n  echo \"ERROR: Could not establish internet connectivity after $MAX_RETRIES attempts\"\n  exit 1\nfi\n              \n# ============================================\n# SYSTEM UPDATE\n# ============================================\necho \"=== System Update ===\"\napt-get update -y\napt-get upgrade -y\n              \n# ============================================\n# INSTALL DOCKER\n# ============================================\necho \"=== Installing Docker ===\"\napt-get install -y apt-transport-https ca-certificates curl gnupg lsb-release\n              \ncurl -fsSL https://download.docker.com/linux/ubuntu/gpg | gpg --dearmor -o /usr/share/keyrings/docker-archive-keyring.gpg\n              \necho \"deb [arch=amd64 signed-by=/usr/share/keyrings/docker-archive-keyring.gpg] https://download.docker.com/linux/ubuntu $(lsb_release -cs) stable\" | tee /etc/apt/sources.list.d/docker.list \u003e /dev/null\n              \napt-get update -y\napt-get install -y docker-ce docker-ce-cli containerd.io docker-compose-plugin\n              \nusermod -aG docker ubuntu\n              \n# ============================================\n# INSTALL NODE.JS 22\n# ============================================\necho \"=== Installing Node.js 22 ===\"\ncurl -fsSL https://deb.nodesource.com/setup_22.x | bash -\napt-get install -y nodejs\n              \n# ============================================\n# CREATE STRAPI ON HOST (NOT IN DOCKER BUILD)\n# ============================================\necho \"=== Creating Strapi Application ===\"\ncd /home/ubuntu\n              \n# Set environment to skip all prompts\nexport CI=true\nexport STRAPI_DISABLE_REMOTE_DATA_TRANSFER=true\nexport STRAPI_TELEMETRY_DISABLED=true\n              \n# Create Strapi app as ubuntu user (pipe 'n' to skip A/B testing prompt)\necho \"n\" | sudo -u ubuntu -E npx create-strapi-app@latest strapi --quickstart --no-run --skip-cloud\n              \n# ============================================\n# CREATE DOCKERFILE\n# ============================================\necho \"=== Creating Dockerfile ===\"\ncat \u003e /home/ubuntu/strapi/Dockerfile \u003c\u003c 'DOCKERFILE'\nFROM node:22-alpine\n              \nRUN apk update \u0026\u0026 apk add --no-cache build-base gcc autoconf automake zlib-dev libpng-dev vips-dev\n              \nWORKDIR /srv/app\n              \nCOPY package*.json ./\nRUN npm ci\n              \nCOPY . .\nRUN npm run build\n              \nEXPOSE 1337\n              \nENV HOST=0.0.0.0\nENV PORT=1337\nENV NODE_ENV=production\n              \nCMD [\"npm\", \"run\", \"start\"]\nDOCKERFILE\n              \n# ============================================\n# CREATE DOCKER COMPOSE\n# ============================================\necho \"=== Creating docker-compose.yml ===\"\ncat \u003e /home/ubuntu/strapi/docker-compose.yml \u003c\u003c 'COMPOSE'\nservices:\n  strapi:\n    build: .\n    container_name: strapi\n    restart: unless-stopped\n    ports:\n      - \"1337:1337\"\n    environment:\n      - HOST=0.0.0.0\n      - PORT=1337\n      - NODE_ENV=production\n    volumes:\n      - strapi-uploads:/srv/app/public/uploads\nvolumes:\n  strapi-uploads:\nCOMPOSE\n              \n# ============================================\n# CREATE .DOCKERIGNORE\n# ============================================\necho \"=== Creating .dockerignore ===\"\ncat \u003e /home/ubuntu/strapi/.dockerignore \u003c\u003c 'IGNORE'\nnode_modules\n.tmp\n.cache\nbuild\n.git\n*.log\nIGNORE\n              \nchown -R ubuntu:ubuntu /home/ubuntu/strapi\n              \n# ============================================\n# BUILD AND START CONTAINER\n# ============================================\necho \"=== Building Docker Image ===\"\ncd /home/ubuntu/strapi\nsudo -u ubuntu docker compose build\n              \necho \"=== Starting Strapi Container ===\"\nsudo -u ubuntu docker compose up -d\n              \necho \"=== Strapi Setup Complete ===\"\necho \"Timestamp: $(date)\"\n",
            "user_data_base64": null,
            "user_data_replace_on_change": false,
            "volume_tags": null,
            "vpc_security_group_ids": [
              "sg-0c53de4c777b0fcc5"
            ]
          },
          "sensitive_attributes": [
            [
              {
                "type": "get_attr",
                "value": "ami"
              }
            ]
          ],
          "identity_schema_version": 0,
          "identity": {
            "account_id": "993508681559",
            "id": "i-01badf79045c79f1f",
            "region": "us-east-1"
          },
          "private": "eyJlMmJmYjczMC1lY2FhLTExZTYtOGY4OC0zNDM2M2JjN2M0YzAiOnsiY3JlYXRlIjo2MDAwMDAwMDAwMDAsImRlbGV0ZSI6MTIwMDAwMDAwMDAwMCwicmVhZCI6OTAwMDAwMDAwMDAwLCJ1cGRhdGUiOjYwMDAwMDAwMDAwMH0sInNjaGVtYV92ZXJzaW9uIjoiMiJ9",
          "dependencies": [
            "aws_eip.nat",
            "aws_iam_instance_profile.ec2_profile",
            "aws_iam_role.ec2_ssm_role",
            "aws_internet_gateway.gw",
            "aws_key_pair.kp",
            "aws_nat_gateway.main",
            "aws_route_table.private",
            "aws_route_table_association.private",
            "aws_security_group.alb_sg",
            "aws_security_group.strapi_sg",
            "aws_subnet.private",
            "aws_subnet.public",
            "aws_vpc.main",
            "data.aws_ssm_parameter.ubuntu_ami",
            "tls_private_key.pk"
          ]
        }
      ]
    },
    {
      "mode": "managed",
      "type": "aws_internet_gateway",
      "name": "gw",
      "provider": "provider[\"registry.terraform.io/hashicorp/aws\"]",
      "instances": [
        {
          "schema_version": 0,
          "attributes": {
            "arn": "arn:aws:ec2:us-east-1:993508681559:internet-gateway/igw-00b55fe7d26b99187",
            "id": "igw-00b55fe7d26b99187",
            "owner_id": "993508681559",
            "region": "us-east-1",
            "tags": {
              "Name": "strapi-project-igw"
            },
            "tags_all": {
              "Name": "strapi-project-igw"
            },
            "timeouts": null,
            "vpc_id": "vpc-0a91209c88ebc6dac"
          },
          "sensitive_attributes": [],
          "identity_schema_version": 0,
          "private": "eyJlMmJmYjczMC1lY2FhLTExZTYtOGY4OC0zNDM2M2JjN2M0YzAiOnsiY3JlYXRlIjoxMjAwMDAwMDAwMDAwLCJkZWxldGUiOjEyMDAwMDAwMDAwMDAsInVwZGF0ZSI6MTIwMDAwMDAwMDAwMH19",
          "dependencies": [
            "aws_vpc.main"
          ]
        }
      ]
    },
    {
      "mode": "managed",
      "type": "aws_key_pair",
      "name": "kp",
      "provider": "provider[\"registry.terraform.io/hashicorp/aws\"]",
      "instances": [
        {
          "schema_version": 1,
          "attributes": {
            "arn": "arn:aws:ec2:us-east-1:993508681559:key-pair/strapi-project-key",
            "fingerprint": "70:ea:40:df:14:ff:05:1b:5f:0d:50:a4:94:73:b8:94",
            "id": "strapi-project-key",
            "key_name": "strapi-project-key",
            "key_name_prefix": "",
            "key_pair_id": "key-08a9a90ff289f5e00",
            "key_type": "rsa",
            "public_key": "ssh-rsa AAAAB3NzaC1yc2EAAAADAQABAAACAQDELE0ZgQzhyCxHxc7sqdQnDqOJysXAJFtaWBVbD72u624+EIMYRah+8yTpK6u3tbHaaDdMHx662JTPMABKwdNtkF1KH/i7xFZ5QGvc6wMpVXEXPeENZLdsCnAKuJNGf+RIxyH77LZU285L1+pHTvqu/Qqorb68YFhkDmDH84qqIFjpUyoWpjPAwUyJ/xIfKjs2iWetyTqczy9BRXY1WjQ19fs1nEk3IhXGKQethdU/dbcxPun0u9VfHZuQa94ohR/0ANHywPLPMyTw7+ObPvNVN/d/Q2DyF21pOpOuXflKzQqcfBQ997QNQDxzmP3qwTDWZkASZV61Lp98iXmOO1UHdUd+0tkd1TvEMBORWV6I1nicSFheI0UetpF5mnAKvv4HSHW49qhI72gwerIxEsLLGJ3VPm50IR7PgRUyZ4XG0VcxCq2KscpctmlkZ9YIcrpa4r/o6Ex3nYb41eyX3P3JSaTz0rwUTl8ve1Njyu5ke7jmtylh+XhmcrEEKAesF3YON2etwEO87Bwib19+hhw179QKzz8cIll9Oqx/ezs5a1GWn1/tqCxbNYEV7PubpWBb3MDz/SuKWPoLdUxOZw/1PoU9Se1UQsPENlMqMYRBwtkTuCLY+E05olcKuln9O7+4shekT/xat9RnGHnm206Nhn1XwFD8RMyudqM4WSvETQ==",
            "region": "us-east-1",
            "tags": {},
            "tags_all": {}
          },
          "sensitive_attributes": [],
          "identity_schema_version": 0,
          "private": "eyJzY2hlbWFfdmVyc2lvbiI6IjEifQ==",
          "dependencies": [
            "tls_private_key.pk"
          ]
        }
      ]
    },
    {
      "mode": "managed",
      "type": "aws_lb",
      "name": "strapi_alb",
      "provider": "provider[\"registry.terraform.io/hashicorp/aws\"]",
      "instances": [
        {
          "schema_version": 0,
          "attributes": {
            "access_logs": [
              {
                "bucket": "",
                "enabled": false,
                "prefix": ""
              }
            ],
            "arn": "arn:aws:elasticloadbalancing:us-east-1:993508681559:loadbalancer/app/strapi-project-alb/03503dc55824f789",
            "arn_suffix": "app/strapi-project-alb/03503dc55824f789",
            "client_keep_alive": 3600,
            "connection_logs": [
              {
                "bucket": "",
                "enabled": false,
                "prefix": ""
              }
            ],
            "customer_owned_ipv4_pool": "",
            "desync_mitigation_mode": "defensive",
            "dns_name": "strapi-project-alb-859140182.us-east-1.elb.amazonaws.com",
            "dns_record_client_routing_policy": null,
            "drop_invalid_header_fields": false,
            "enable_cross_zone_load_balancing": true,
            "enable_deletion_protection": false,
            "enable_http2": true,
            "enable_tls_version_and_cipher_suite_headers": false,
            "enable_waf_fail_open": false,
            "enable_xff_client_port": false,
            "enable_zonal_shift": false,
            "enforce_security_group_inbound_rules_on_private_link_traffic": "",
            "health_check_logs": [
              {
                "bucket": "",
                "enabled": false,
                "prefix": ""
              }
            ],
            "id": "arn:aws:elasticloadbalancing:us-east-1:993508681559:loadbalancer/app/strapi-project-alb/03503dc55824f789",
            "idle_timeout": 60,
            "internal": false,
            "ip_address_type": "ipv4",
            "ipam_pools": [],
            "load_balancer_type": "application",
            "minimum_load_balancer_capacity": [],
            "name": "strapi-project-alb",
            "name_prefix": "",
            "preserve_host_header": false,
            "region": "us-east-1",
            "secondary_ips_auto_assigned_per_subnet": null,
            "security_groups": [
              "sg-016600264c5579397"
            ],
            "subnet_mapping": [
              {
                "allocation_id": "",
                "ipv6_address": "",
                "outpost_id": "",
                "private_ipv4_address": "",
                "subnet_id": "subnet-06969bb0a8e7ee701"
              },
              {
                "allocation_id": "",
                "ipv6_address": "",
                "outpost_id": "",
                "private_ipv4_address": "",
                "subnet_id": "subnet-0a0184d75ae98b6d8"
              }
            ],
            "subnets": [
              "subnet-06969bb0a8e7ee701",
              "subnet-0a0184d75ae98b6d8"
            ],
            "tags": {
              "Name": "strapi-project-alb"
            },
            "tags_all": {
              "Name": "strapi-project-alb"
            },
            "timeouts": null,
            "vpc_id": "vpc-0a91209c88ebc6dac",
            "xff_header_processing_mode": "append",
            "zone_id": "Z35SXDOTRQ7X7K"
          },
          "sensitive_attributes": [],
          "identity_schema_version": 0,
          "identity": {
            "arn": "arn:aws:elasticloadbalancing:us-east-1:993508681559:loadbalancer/app/strapi-project-alb/03503dc55824f789"
          },
          "private": "eyJlMmJmYjczMC1lY2FhLTExZTYtOGY4OC0zNDM2M2JjN2M0YzAiOnsiY3JlYXRlIjo2MDAwMDAwMDAwMDAsImRlbGV0ZSI6NjAwMDAwMDAwMDAwLCJ1cGRhdGUiOjYwMDAwMDAwMDAwMH19",
          "dependencies": [
            "aws_security_group.alb_sg",
            "aws_subnet.public",
            "aws_vpc.main"
          ]
        }
      ]
    },
    {
      "mode": "managed",
      "type": "aws_lb_listener",
      "name": "http",
      "provider": "provider[\"registry.terraform.io/hashicorp/aws\"]",
      "instances": [
        {
          "schema_version": 0,
          "attributes": {
            "alpn_policy": null,
            "arn": "arn:aws:elasticloadbalancing:us-east-1:993508681559:listener/app/strapi-project-alb/03503dc55824f789/532b7d521769343b",
            "certificate_arn": null,
            "default_action": [
              {
                "authenticate_cognito": [],
                "authenticate_oidc": [],
                "fixed_response": [],
                "forward": [],
                "jwt_validation": [],
                "order": 1,
                "redirect": [],
                "target_group_arn": "arn:aws:elasticloadbalancing:us-east-1:993508681559:targetgroup/strapi-project-tg/8b0fcb541a980e27",
                "type": "forward"
              }
            ],
            "id": "arn:aws:elasticloadbalancing:us-east-1:993508681559:listener/app/strapi-project-alb/03503dc55824f789/532b7d521769343b",
            "load_balancer_arn": "arn:aws:elasticloadbalancing:us-east-1:993508681559:loadbalancer/app/strapi-project-alb/03503dc55824f789",
            "mutual_authentication": [],
            "port": 80,
            "protocol": "HTTP",
            "region": "us-east-1",
            "routing_http_request_x_amzn_mtls_clientcert_header_name": null,
            "routing_http_request_x_amzn_mtls_clientcert_issuer_header_name": null,
            "routing_http_request_x_amzn_mtls_clientcert_leaf_header_name": null,
            "routing_http_request_x_amzn_mtls_clientcert_serial_number_header_name": null,
            "routing_http_request_x_amzn_mtls_clientcert_subject_header_name": null,
            "routing_http_request_x_amzn_mtls_clientcert_validity_header_name": null,
            "routing_http_request_x_amzn_tls_cipher_suite_header_name": null,
            "routing_http_request_x_amzn_tls_version_header_name": null,
            "routing_http_response_access_control_allow_credentials_header_value": "",
            "routing_http_response_access_control_allow_headers_header_value": "",
            "routing_http_response_access_control_allow_methods_header_value": "",
            "routing_http_response_access_control_allow_origin_header_value": "",
            "routing_http_response_access_control_expose_headers_header_value": "",
            "routing_http_response_access_control_max_age_header_value": "",
            "routing_http_response_content_security_policy_header_value": "",
            "routing_http_response_server_enabled": true,
            "routing_http_response_strict_transport_security_header_value": "",
            "routing_http_response_x_content_type_options_header_value": "",
            "routing_http_response_x_frame_options_header_value": "",
            "ssl_policy": "",
            "tags": {},
            "tags_all": {},
            "tcp_idle_timeout_seconds": null,
            "timeouts": null
          },
          "sensitive_attributes": [],
          "identity_schema_version": 0,
          "identity": {
            "arn": "arn:aws:elasticloadbalancing:us-east-1:993508681559:listener/app/strapi-project-alb/03503dc55824f789/532b7d521769343b"
          },
          "private": "eyJlMmJmYjczMC1lY2FhLTExZTYtOGY4OC0zNDM2M2JjN2M0YzAiOnsiY3JlYXRlIjozMDAwMDAwMDAwMDAsInVwZGF0ZSI6MzAwMDAwMDAwMDAwfX0=",
          "dependencies": [
            "aws_lb.strapi_alb",
            "aws_lb_target_group.strapi_tg",
            "aws_security_group.alb_sg",
            "aws_subnet.public",
            "aws_vpc.main"
          ]
        }
      ]
    },
    {
      "mode": "managed",
      "type": "aws_lb_target_group",
      "name": "strapi_tg",
      "provider": "provider[\"registry.terraform.io/hashicorp/aws\"]",
      "instances": [
        {
          "schema_version": 0,
          "attributes": {
            "arn": "arn:aws:elasticloadbalancing:us-east-1:993508681559:targetgroup/strapi-project-tg/8b0fcb541a980e27",
            "arn_suffix": "targetgroup/strapi-project-tg/8b0fcb541a980e27",
            "connection_termination": null,
            "deregistration_delay": "300",
            "health_check": [
              {
                "enabled": true,
                "healthy_threshold": 2,
                "interval": 60,
                "matcher": "200-399",
                "path": "/",
                "port": "traffic-port",
                "protocol": "HTTP",
                "timeout": 30,
                "unhealthy_threshold": 10
              }
            ],
            "id": "arn:aws:elasticloadbalancing:us-east-1:993508681559:targetgroup/strapi-project-tg/8b0fcb541a980e27",
            "ip_address_type": "ipv4",
            "lambda_multi_value_headers_enabled": false,
            "load_balancer_arns": [
              "arn:aws:elasticloadbalancing:us-east-1:993508681559:loadbalancer/app/strapi-project-alb/03503dc55824f789"
            ],
            "load_balancing_algorithm_type": "round_robin",
            "load_balancing_anomaly_mitigation": "off",
            "load_balancing_cross_zone_enabled": "use_load_balancer_configuration",
            "name": "strapi-project-tg",
            "name_prefix": "",
            "port": 1337,
            "preserve_client_ip": null,
            "protocol": "HTTP",
            "protocol_version": "HTTP1",
            "proxy_protocol_v2": false,
            "region": "us-east-1",
            "slow_start": 0,
            "stickiness": [
              {
                "cookie_duration": 86400,
                "cookie_name": "",
                "enabled": false,
                "type": "lb_cookie"
              }
            ],
            "tags": {
              "Name": "strapi-project-tg"
            },
            "tags_all": {
              "Name": "strapi-project-tg"
            },
            "target_control_port": 0,
            "target_failover": [
              {
                "on_deregistration": null,
                "on_unhealthy": null
              }
            ],
            "target_group_health": [
              {
                "dns_failover": [
                  {
                    "minimum_healthy_targets_count": "1",
                    "minimum_healthy_targets_percentage": "off"
                  }
                ],
                "unhealthy_state_routing": [
                  {
                    "minimum_healthy_targets_count": 1,
                    "minimum_healthy_targets_percentage": "off"
                  }
                ]
              }
            ],
            "target_health_state": [
              {
                "enable_unhealthy_connection_termination": null,
                "unhealthy_draining_interval": null
              }
            ],
            "target_type": "instance",
            "vpc_id": "vpc-0a91209c88ebc6dac"
          },
          "sensitive_attributes": [],
          "identity_schema_version": 0,
          "identity": {
            "arn": "arn:aws:elasticloadbalancing:us-east-1:993508681559:targetgroup/strapi-project-tg/8b0fcb541a980e27"
          },
          "private": "bnVsbA==",
          "dependencies": [
            "aws_vpc.main"
          ]
        }
      ]
    },
    {
      "mode": "managed",
      "type": "aws_lb_target_group_attachment",
      "name": "strapi",
      "provider": "provider[\"registry.terraform.io/hashicorp/aws\"]",
      "instances": [
        {
          "schema_version": 0,
          "attributes": {
            "availability_zone": null,
            "id": "arn:aws:elasticloadbalancing:us-east-1:993508681559:targetgroup/strapi-project-tg/8b0fcb541a980e27-20260206112912450400000005",
            "port": 1337,
            "quic_server_id": null,
            "region": "us-east-1",
            "target_group_arn": "arn:aws:elasticloadbalancing:us-east-1:993508681559:targetgroup/strapi-project-tg/8b0fcb541a980e27",
            "target_id": "i-01badf79045c79f1f"
          },
          "sensitive_attributes": [],
          "identity_schema_version": 0,
          "private": "bnVsbA==",
          "dependencies": [
            "aws_eip.nat",
            "aws_iam_instance_profile.ec2_profile",
            "aws_iam_role.ec2_ssm_role",
            "aws_instance.strapi_app",
            "aws_internet_gateway.gw",
            "aws_key_pair.kp",
            "aws_lb_target_group.strapi_tg",
            "aws_nat_gateway.main",
            "aws_route_table.private",
            "aws_route_table_association.private",
            "aws_security_group.alb_sg",
            "aws_security_group.strapi_sg",
            "aws_subnet.private",
            "aws_subnet.public",
            "aws_vpc.main",
            "data.aws_ssm_parameter.ubuntu_ami",
            "tls_private_key.pk"
          ]
        }
      ]
    },
    {
      "mode": "managed",
      "type": "aws_nat_gateway",
      "name": "main",
      "provider": "provider[\"registry.terraform.io/hashicorp/aws\"]",
      "instances": [
        {
          "schema_version": 0,
          "attributes": {
            "allocation_id": "eipalloc-091f22a360915c84d",
            "association_id": "eipassoc-05bc07b5fca23016b",
            "auto_provision_zones": null,
            "auto_scaling_ips": null,
            "availability_mode": "zonal",
            "availability_zone_address": [],
            "connectivity_type": "public",
            "id": "nat-0670c54d46a4b7cb0",
            "network_interface_id": "eni-0847b30edbc924991",
            "private_ip": "10.0.1.102",
            "public_ip": "107.23.241.251",
            "region": "us-east-1",
            "regional_nat_gateway_address": [],
            "regional_nat_gateway_auto_mode": null,
            "route_table_id": null,
            "secondary_allocation_ids": [],
            "secondary_private_ip_address_count": 0,
            "secondary_private_ip_addresses": [],
            "subnet_id": "subnet-06969bb0a8e7ee701",
            "tags": {
              "Name": "strapi-project-nat-gw"
            },
            "tags_all": {
              "Name": "strapi-project-nat-gw"
            },
            "timeouts": null,
            "vpc_id": "vpc-0a91209c88ebc6dac"
          },
          "sensitive_attributes": [],
          "identity_schema_version": 0,
          "private": "eyJlMmJmYjczMC1lY2FhLTExZTYtOGY4OC0zNDM2M2JjN2M0YzAiOnsiY3JlYXRlIjo2MDAwMDAwMDAwMDAsImRlbGV0ZSI6MTgwMDAwMDAwMDAwMCwidXBkYXRlIjo2MDAwMDAwMDAwMDB9fQ==",
          "dependencies": [
            "aws_eip.nat",
            "aws_internet_gateway.gw",
            "aws_subnet.public",
            "aws_vpc.main"
          ]
        }
      ]
    },
    {
      "mode": "managed",
      "type": "aws_route_table",
      "name": "private",
      "provider": "provider[\"registry.terraform.io/hashicorp/aws\"]",
      "instances": [
        {
          "schema_version": 0,
          "attributes": {
            "arn": "arn:aws:ec2:us-east-1:993508681559:route-table/rtb-03667d6a576c00966",
            "id": "rtb-03667d6a576c00966",
            "owner_id": "993508681559",
            "propagating_vgws": [],
            "region": "us-east-1",
            "route": [
              {
                "carrier_gateway_id": "",
                "cidr_block": "0.0.0.0/0",
                "core_network_arn": "",
                "destination_prefix_list_id": "",
                "egress_only_gateway_id": "",
                "gateway_id": "",
                "ipv6_cidr_block": "",
                "local_gateway_id": "",
                "nat_gateway_id": "nat-0670c54d46a4b7cb0",
                "network_interface_id": "",
                "transit_gateway_id": "",
                "vpc_endpoint_id": "",
                "vpc_peering_connection_id": ""
              }
            ],
            "tags": {
              "Name": "strapi-project-private-rt"
            },
            "tags_all": {
              "Name": "strapi-project-private-rt"
            },
            "timeouts": null,
            "vpc_id": "vpc-0a91209c88ebc6dac"
          },
          "sensitive_attributes": [],
          "identity_schema_version": 0,
          "identity": {
            "account_id": "993508681559",
            "id": "rtb-03667d6a576c00966",
            "region": "us-east-1"
          },
          "private": "eyJlMmJmYjczMC1lY2FhLTExZTYtOGY4OC0zNDM2M2JjN2M0YzAiOnsiY3JlYXRlIjozMDAwMDAwMDAwMDAsImRlbGV0ZSI6MzAwMDAwMDAwMDAwLCJ1cGRhdGUiOjEyMDAwMDAwMDAwMH19",
          "dependencies": [
            "aws_eip.nat",
            "aws_internet_gateway.gw",
            "aws_nat_gateway.main",
            "aws_subnet.public",
            "aws_vpc.main"
          ]
        }
      ]
    },
    {
      "mode": "managed",
      "type": "aws_route_table",
      "name": "public",
      "provider": "provider[\"registry.terraform.io/hashicorp/aws\"]",
      "instances": [
        {
          "schema_version": 0,
          "attributes": {
            "arn": "arn:aws:ec2:us-east-1:993508681559:route-table/rtb-05ec371cc6ef7cdf1",
            "id": "rtb-05ec371cc6ef7cdf1",
            "owner_id": "993508681559",
            "propagating_vgws": [],
            "region": "us-east-1",
            "route": [
              {
                "carrier_gateway_id": "",
                "cidr_block": "0.0.0.0/0",
                "core_network_arn": "",
                "destination_prefix_list_id": "",
                "egress_only_gateway_id": "",
                "gateway_id": "igw-00b55fe7d26b99187",
                "ipv6_cidr_block": "",
                "local_gateway_id": "",
                "nat_gateway_id": "",
                "network_interface_id": "",
                "transit_gateway_id": "",
                "vpc_endpoint_id": "",
                "vpc_peering_connection_id": ""
              }
            ],
            "tags": {
              "Name": "strapi-project-public-rt"
            },
            "tags_all": {
              "Name": "strapi-project-public-rt"
            },
            "timeouts": null,
            "vpc_id": "vpc-0a91209c88ebc6dac"
          },
          "sensitive_attributes": [],
          "identity_schema_version": 0,
          "identity": {
            "account_id": "993508681559",
            "id": "rtb-05ec371cc6ef7cdf1",
            "region": "us-east-1"
          },
          "private": "eyJlMmJmYjczMC1lY2FhLTExZTYtOGY4OC0zNDM2M2JjN2M0YzAiOnsiY3JlYXRlIjozMDAwMDAwMDAwMDAsImRlbGV0ZSI6MzAwMDAwMDAwMDAwLCJ1cGRhdGUiOjEyMDAwMDAwMDAwMH19",
          "dependencies": [
            "aws_internet_gateway.gw",
            "aws_vpc.main"
          ]
        }
      ]
    },
    {
      "mode": "managed",
      "type": "aws_route_table_association",
      "name": "private",
      "provider": "provider[\"registry.terraform.io/hashicorp/aws\"]",
      "instances": [
        {
          "index_key": 0,
          "schema_version": 0,
          "attributes": {
            "gateway_id": "",
            "id": "rtbassoc-0519f0e545d7798b6",
            "region": "us-east-1",
            "route_table_id": "rtb-03667d6a576c00966",
            "subnet_id": "subnet-005170e2fa34bd374",
            "timeouts": null
          },
          "sensitive_attributes": [],
          "identity_schema_version": 0,
          "private": "eyJlMmJmYjczMC1lY2FhLTExZTYtOGY4OC0zNDM2M2JjN2M0YzAiOnsiY3JlYXRlIjozMDAwMDAwMDAwMDAsImRlbGV0ZSI6MzAwMDAwMDAwMDAwLCJ1cGRhdGUiOjEyMDAwMDAwMDAwMH19",
          "dependencies": [
            "aws_eip.nat",
            "aws_internet_gateway.gw",
            "aws_nat_gateway.main",
            "aws_route_table.private",
            "aws_subnet.private",
            "aws_subnet.public",
            "aws_vpc.main"
          ]
        },
        {
          "index_key": 1,
          "schema_version": 0,
          "attributes": {
            "gateway_id": "",
            "id": "rtbassoc-01620b0c2db02cdf8",
            "region": "us-east-1",
            "route_table_id": "rtb-03667d6a576c00966",
            "subnet_id": "subnet-0d3ffbbe5fe40f1f3",
            "timeouts": null
          },
          "sensitive_attributes": [],
          "identity_schema_version": 0,
          "private": "eyJlMmJmYjczMC1lY2FhLTExZTYtOGY4OC0zNDM2M2JjN2M0YzAiOnsiY3JlYXRlIjozMDAwMDAwMDAwMDAsImRlbGV0ZSI6MzAwMDAwMDAwMDAwLCJ1cGRhdGUiOjEyMDAwMDAwMDAwMH19",
          "dependencies": [
            "aws_eip.nat",
            "aws_internet_gateway.gw",
            "aws_nat_gateway.main",
            "aws_route_table.private",
            "aws_subnet.private",
            "aws_subnet.public",
            "aws_vpc.main"
          ]
        }
      ]
    },
    {
      "mode": "managed",
      "type": "aws_route_table_association",
      "name": "public",
      "provider": "provider[\"registry.terraform.io/hashicorp/aws\"]",
      "instances": [
        {
          "index_key": 0,
          "schema_version": 0,
          "attributes": {
            "gateway_id": "",
            "id": "rtbassoc-04c6856af594eb032",
            "region": "us-east-1",
            "route_table_id": "rtb-05ec371cc6ef7cdf1",
            "subnet_id": "subnet-06969bb0a8e7ee701",
            "timeouts": null
          },
          "sensitive_attributes": [],
          "identity_schema_version": 0,
          "private": "eyJlMmJmYjczMC1lY2FhLTExZTYtOGY4OC0zNDM2M2JjN2M0YzAiOnsiY3JlYXRlIjozMDAwMDAwMDAwMDAsImRlbGV0ZSI6MzAwMDAwMDAwMDAwLCJ1cGRhdGUiOjEyMDAwMDAwMDAwMH19",
          "dependencies": [
            "aws_internet_gateway.gw",
            "aws_route_table.public",
            "aws_subnet.public",
            "aws_vpc.main"
          ]
        },
        {
          "index_key": 1,
          "schema_version": 0,
          "attributes": {
            "gateway_id": "",
            "id": "rtbassoc-0ad50edbd1b277bdd",
            "region": "us-east-1",
            "route_table_id": "rtb-05ec371cc6ef7cdf1",
            "subnet_id": "subnet-0a0184d75ae98b6d8",
            "timeouts": null
          },
          "sensitive_attributes": [],
          "identity_schema_version": 0,
          "private": "eyJlMmJmYjczMC1lY2FhLTExZTYtOGY4OC0zNDM2M2JjN2M0YzAiOnsiY3JlYXRlIjozMDAwMDAwMDAwMDAsImRlbGV0ZSI6MzAwMDAwMDAwMDAwLCJ1cGRhdGUiOjEyMDAwMDAwMDAwMH19",
          "dependencies": [
            "aws_internet_gateway.gw",
            "aws_route_table.public",
            "aws_subnet.public",
            "aws_vpc.main"
          ]
        }
      ]
    },
    {
      "mode": "managed",
      "type": "aws_security_group",
      "name": "alb_sg",
      "provider": "provider[\"registry.terraform.io/hashicorp/aws\"]",
      "instances": [
        {
          "schema_version": 1,
          "attributes": {
            "arn": "arn:aws:ec2:us-east-1:993508681559:security-group/sg-016600264c5579397",
            "description": "Security group for Application Load Balancer",
            "egress": [
              {
                "cidr_blocks": [
                  "0.0.0.0/0"
                ],
                "description": "",
                "from_port": 0,
                "ipv6_cidr_blocks": [],
                "prefix_list_ids": [],
                "protocol": "-1",
                "security_groups": [],
                "self": false,
                "to_port": 0
              }
            ],
            "id": "sg-016600264c5579397",
            "ingress": [
              {
                "cidr_blocks": [
                  "0.0.0.0/0"
                ],
                "description": "HTTP from Internet",
                "from_port": 80,
                "ipv6_cidr_blocks": [],
                "prefix_list_ids": [],
                "protocol": "tcp",
                "security_groups": [],
                "self": false,
                "to_port": 80
              },
              {
                "cidr_blocks": [
                  "0.0.0.0/0"
                ],
                "description": "HTTPS from Internet",
                "from_port": 443,
                "ipv6_cidr_blocks": [],
                "prefix_list_ids": [],
                "protocol": "tcp",
                "security_groups": [],
                "self": false,
                "to_port": 443
              }
            ],
            "name": "strapi-project-alb-sg",
            "name_prefix": "",
            "owner_id": "993508681559",
            "region": "us-east-1",
            "revoke_rules_on_delete": false,
            "tags": {
              "Name": "strapi-project-alb-sg"
            },
            "tags_all": {
              "Name": "strapi-project-alb-sg"
            },
            "timeouts": null,
            "vpc_id": "vpc-0a91209c88ebc6dac"
          },
          "sensitive_attributes": [],
          "identity_schema_version": 0,
          "identity": {
            "account_id": "993508681559",
            "id": "sg-016600264c5579397",
            "region": "us-east-1"
          },
          "private": "eyJlMmJmYjczMC1lY2FhLTExZTYtOGY4OC0zNDM2M2JjN2M0YzAiOnsiY3JlYXRlIjo2MDAwMDAwMDAwMDAsImRlbGV0ZSI6OTAwMDAwMDAwMDAwfSwic2NoZW1hX3ZlcnNpb24iOiIxIn0=",
          "dependencies": [
            "aws_vpc.main"
          ]
        }
      ]
    },
    {
      "mode": "managed",
      "type": "aws_security_group",
      "name": "strapi_sg",
      "provider": "provider[\"registry.terraform.io/hashicorp/aws\"]",
      "instances": [
        {
          "schema_version": 1,
          "attributes": {
            "arn": "arn:aws:ec2:us-east-1:993508681559:security-group/sg-0c53de4c777b0fcc5",
            "description": "Security group for Strapi EC2 instance",
            "egress": [
              {
                "cidr_blocks": [
                  "0.0.0.0/0"
                ],
                "description": "",
                "from_port": 0,
                "ipv6_cidr_blocks": [],
                "prefix_list_ids": [],
                "protocol": "-1",
                "security_groups": [],
                "self": false,
                "to_port": 0
              }
            ],
            "id": "sg-0c53de4c777b0fcc5",
            "ingress": [
              {
                "cidr_blocks": [],
                "description": "Strapi from ALB only",
                "from_port": 1337,
                "ipv6_cidr_blocks": [],
                "prefix_list_ids": [],
                "protocol": "tcp",
                "security_groups": [
                  "sg-016600264c5579397"
                ],
                "self": false,
                "to_port": 1337
              }
            ],
            "name": "strapi-project-ec2-sg",
            "name_prefix": "",
            "owner_id": "993508681559",
            "region": "us-east-1",
            "revoke_rules_on_delete": false,
            "tags": {
              "Name": "strapi-project-ec2-sg"
            },
            "tags_all": {
              "Name": "strapi-project-ec2-sg"
            },
            "timeouts": null,
            "vpc_id": "vpc-0a91209c88ebc6dac"
          },
          "sensitive_attributes": [],
          "identity_schema_version": 0,
          "identity": {
            "account_id": "993508681559",
            "id": "sg-0c53de4c777b0fcc5",
            "region": "us-east-1"
          },
          "private": "eyJlMmJmYjczMC1lY2FhLTExZTYtOGY4OC0zNDM2M2JjN2M0YzAiOnsiY3JlYXRlIjo2MDAwMDAwMDAwMDAsImRlbGV0ZSI6OTAwMDAwMDAwMDAwfSwic2NoZW1hX3ZlcnNpb24iOiIxIn0=",
          "dependencies": [
            "aws_security_group.alb_sg",
            "aws_vpc.main"
          ]
        }
      ]
    },
    {
      "mode": "managed",
      "type": "aws_subnet",
      "name": "private",
      "provider": "provider[\"registry.terraform.io/hashicorp/aws\"]",
      "instances": [
        {
          "index_key": 0,
          "schema_version": 1,
          "attributes": {
            "arn": "arn:aws:ec2:us-east-1:993508681559:subnet/subnet-005170e2fa34bd374",
            "assign_ipv6_address_on_creation": false,
            "availability_zone": "us-east-1a",
            "availability_zone_id": "use1-az1",
            "cidr_block": "10.0.10.0/24",
            "customer_owned_ipv4_pool": "",
            "enable_dns64": false,
            "enable_lni_at_device_index": 0,
            "enable_resource_name_dns_a_record_on_launch": false,
            "enable_resource_name_dns_aaaa_record_on_launch": false,
            "id": "subnet-005170e2fa34bd374",
            "ipv4_ipam_pool_id": null,
            "ipv4_netmask_length": null,
            "ipv6_cidr_block": "",
            "ipv6_cidr_block_association_id": "",
            "ipv6_ipam_pool_id": null,
            "ipv6_native": false,
            "ipv6_netmask_length": null,
            "map_customer_owned_ip_on_launch": false,
            "map_public_ip_on_launch": false,
            "outpost_arn": "",
            "owner_id": "993508681559",
            "private_dns_hostname_type_on_launch": "ip-name",
            "region": "us-east-1",
            "tags": {
              "Name": "strapi-project-private-subnet-1"
            },
            "tags_all": {
              "Name": "strapi-project-private-subnet-1"
            },
            "timeouts": null,
            "vpc_id": "vpc-0a91209c88ebc6dac"
          },
          "sensitive_attributes": [],
          "identity_schema_version": 0,
          "identity": {
            "account_id": "993508681559",
            "id": "subnet-005170e2fa34bd374",
            "region": "us-east-1"
          },
          "private": "eyJlMmJmYjczMC1lY2FhLTExZTYtOGY4OC0zNDM2M2JjN2M0YzAiOnsiY3JlYXRlIjo2MDAwMDAwMDAwMDAsImRlbGV0ZSI6MTIwMDAwMDAwMDAwMH0sInNjaGVtYV92ZXJzaW9uIjoiMSJ9",
          "dependencies": [
            "aws_vpc.main"
          ]
        },
        {
          "index_key": 1,
          "schema_version": 1,
          "attributes": {
            "arn": "arn:aws:ec2:us-east-1:993508681559:subnet/subnet-0d3ffbbe5fe40f1f3",
            "assign_ipv6_address_on_creation": false,
            "availability_zone": "us-east-1b",
            "availability_zone_id": "use1-az2",
            "cidr_block": "10.0.11.0/24",
            "customer_owned_ipv4_pool": "",
            "enable_dns64": false,
            "enable_lni_at_device_index": 0,
            "enable_resource_name_dns_a_record_on_launch": false,
            "enable_resource_name_dns_aaaa_record_on_launch": false,
            "id": "subnet-0d3ffbbe5fe40f1f3",
            "ipv4_ipam_pool_id": null,
            "ipv4_netmask_length": null,
            "ipv6_cidr_block": "",
            "ipv6_cidr_block_association_id": "",
            "ipv6_ipam_pool_id": null,
            "ipv6_native": false,
            "ipv6_netmask_length": null,
            "map_customer_owned_ip_on_launch": false,
            "map_public_ip_on_launch": false,
            "outpost_arn": "",
            "owner_id": "993508681559",
            "private_dns_hostname_type_on_launch": "ip-name",
            "region": "us-east-1",
            "tags": {
              "Name": "strapi-project-private-subnet-2"
            },
            "tags_all": {
              "Name": "strapi-project-private-subnet-2"
            },
            "timeouts": null,
            "vpc_id": "vpc-0a91209c88ebc6dac"
          },
          "sensitive_attributes": [],
          "identity_schema_version": 0,
          "identity": {
            "account_id": "993508681559",
            "id": "subnet-0d3ffbbe5fe40f1f3",
            "region": "us-east-1"
          },
          "private": "eyJlMmJmYjczMC1lY2FhLTExZTYtOGY4OC0zNDM2M2JjN2M0YzAiOnsiY3JlYXRlIjo2MDAwMDAwMDAwMDAsImRlbGV0ZSI6MTIwMDAwMDAwMDAwMH0sInNjaGVtYV92ZXJzaW9uIjoiMSJ9",
          "dependencies": [
            "aws_vpc.main"
          ]
        }
      ]
    },
    {
      "mode": "managed",
      "type": "aws_subnet",
      "name": "public",
      "provider": "provider[\"registry.terraform.io/hashicorp/aws\"]",
      "instances": [
        {
          "index_key": 0,
          "schema_version": 1,
          "attributes": {
            "arn": "arn:aws:ec2:us-east-1:993508681559:subnet/subnet-06969bb0a8e7ee701",
            "assign_ipv6_address_on_creation": false,
            "availability_zone": "us-east-1a",
            "availability_zone_id": "use1-az1",
            "cidr_block": "10.0.1.0/24",
            "customer_owned_ipv4_pool": "",
            "enable_dns64": false,
            "enable_lni_at_device_index": 0,
            "enable_resource_name_dns_a_record_on_launch": false,
            "enable_resource_name_dns_aaaa_record_on_launch": false,
            "id": "subnet-06969bb0a8e7ee701",
            "ipv4_ipam_pool_id": null,
            "ipv4_netmask_length": null,
            "ipv6_cidr_block": "",
            "ipv6_cidr_block_association_id": "",
            "ipv6_ipam_pool_id": null,
            "ipv6_native": false,
            "ipv6_netmask_length": null,
            "map_customer_owned_ip_on_launch": false,
            "map_public_ip_on_launch": true,
            "outpost_arn": "",
            "owner_id": "993508681559",
            "private_dns_hostname_type_on_launch": "ip-name",
            "region": "us-east-1",
            "tags": {
              "Name": "strapi-project-public-subnet-1"
            },
            "tags_all": {
              "Name": "strapi-project-public-subnet-1"
            },
            "timeouts": null,
            "vpc_id": "vpc-0a91209c88ebc6dac"
          },
          "sensitive_attributes": [],
          "identity_schema_version": 0,
          "identity": {
            "account_id": "993508681559",
            "id": "subnet-06969bb0a8e7ee701",
            "region": "us-east-1"
          },
          "private": "eyJlMmJmYjczMC1lY2FhLTExZTYtOGY4OC0zNDM2M2JjN2M0YzAiOnsiY3JlYXRlIjo2MDAwMDAwMDAwMDAsImRlbGV0ZSI6MTIwMDAwMDAwMDAwMH0sInNjaGVtYV92ZXJzaW9uIjoiMSJ9",
          "dependencies": [
            "aws_vpc.main"
          ]
        },
        {
          "index_key": 1,
          "schema_version": 1,
          "attributes": {
            "arn": "arn:aws:ec2:us-east-1:993508681559:subnet/subnet-0a0184d75ae98b6d8",
            "assign_ipv6_address_on_creation": false,
            "availability_zone": "us-east-1b",
            "availability_zone_id": "use1-az2",
            "cidr_block": "10.0.2.0/24",
            "customer_owned_ipv4_pool": "",
            "enable_dns64": false,
            "enable_lni_at_device_index": 0,
            "enable_resource_name_dns_a_record_on_launch": false,
            "enable_resource_name_dns_aaaa_record_on_launch": false,
            "id": "subnet-0a0184d75ae98b6d8",
            "ipv4_ipam_pool_id": null,
            "ipv4_netmask_length": null,
            "ipv6_cidr_block": "",
            "ipv6_cidr_block_association_id": "",
            "ipv6_ipam_pool_id": null,
            "ipv6_native": false,
            "ipv6_netmask_length": null,
            "map_customer_owned_ip_on_launch": false,
            "map_public_ip_on_launch": true,
            "outpost_arn": "",
            "owner_id": "993508681559",
            "private_dns_hostname_type_on_launch": "ip-name",
            "region": "us-east-1",
            "tags": {
              "Name": "strapi-project-public-subnet-2"
            },
            "tags_all": {
              "Name": "strapi-project-public-subnet-2"
            },
            "timeouts": null,
            "vpc_id": "vpc-0a91209c88ebc6dac"
          },
          "sensitive_attributes": [],
          "identity_schema_version": 0,
          "identity": {
            "account_id": "993508681559",
            "id": "subnet-0a0184d75ae98b6d8",
            "region": "us-east-1"
          },
          "private": "eyJlMmJmYjczMC1lY2FhLTExZTYtOGY4OC0zNDM2M2JjN2M0YzAiOnsiY3JlYXRlIjo2MDAwMDAwMDAwMDAsImRlbGV0ZSI6MTIwMDAwMDAwMDAwMH0sInNjaGVtYV92ZXJzaW9uIjoiMSJ9",
          "dependencies": [
            "aws_vpc.main"
          ]
        }
      ]
    },
    {
      "mode": "managed",
      "type": "aws_vpc",
      "name": "main",
      "provider": "provider[\"registry.terraform.io/hashicorp/aws\"]",
      "instances": [
        {
          "schema_version": 1,
          "attributes": {
            "arn": "arn:aws:ec2:us-east-1:993508681559:vpc/vpc-0a91209c88ebc6dac",
            "assign_generated_ipv6_cidr_block": false,
            "cidr_block": "10.0.0.0/16",
            "default_network_acl_id": "acl-08df65f34836cab24",
            "default_route_table_id": "rtb-0af746eafbaea9f5c",
            "default_security_group_id": "sg-08bd06b6934807f9f",
            "dhcp_options_id": "dopt-0c8687e286f053cce",
            "enable_dns_hostnames": true,
            "enable_dns_support": true,
            "enable_network_address_usage_metrics": false,
            "id": "vpc-0a91209c88ebc6dac",
            "instance_tenancy": "default",
            "ipv4_ipam_pool_id": null,
            "ipv4_netmask_length": null,
            "ipv6_association_id": "",
            "ipv6_cidr_block": "",
            "ipv6_cidr_block_network_border_group": "",
            "ipv6_ipam_pool_id": "",
            "ipv6_netmask_length": 0,
            "main_route_table_id": "rtb-0af746eafbaea9f5c",
            "owner_id": "993508681559",
            "region": "us-east-1",
            "tags": {
              "Name": "strapi-project-vpc"
            },
            "tags_all": {
              "Name": "strapi-project-vpc"
            }
          },
          "sensitive_attributes": [],
          "identity_schema_version": 0,
          "identity": {
            "account_id": "993508681559",
            "id": "vpc-0a91209c88ebc6dac",
            "region": "us-east-1"
          },
          "private": "eyJzY2hlbWFfdmVyc2lvbiI6IjEifQ=="
        }
      ]
    },
    {
      "mode": "managed",
      "type": "local_file",
      "name": "ssh_key",
      "provider": "provider[\"registry.terraform.io/hashicorp/local\"]",
      "instances": [
        {
          "schema_version": 0,
          "attributes": {
            "content": "-----BEGIN RSA PRIVATE KEY-----\nMIIJKQIBAAKCAgEAxCxNGYEM4cgsR8XO7KnUJw6jicrFwCRbWlgVWw+9rutuPhCD\nGEWofvMk6Surt7Wx2mg3TB8eutiUzzAASsHTbZBdSh/4u8RWeUBr3OsDKVVxFz3h\nDWS3bApwCriTRn/kSMch++y2VNvOS9fqR076rv0KqK2+vGBYZA5gx/OKqiBY6VMq\nFqYzwMFMif8SHyo7Nolnrck6nM8vQUV2NVo0NfX7NZxJNyIVxikHrYXVP3W3MT7p\n9LvVXx2bkGveKIUf9ADR8sDyzzMk8O/jmz7zVTf3f0Ng8hdtaTqTrl35Ss0KnHwU\nPfe0DUA8c5j96sEw1mZAEmVetS6ffIl5jjtVB3VHftLZHdU7xDATkVleiNZ4nEhY\nXiNFHraReZpwCr7+B0h1uPaoSO9oMHqyMRLCyxid1T5udCEez4EVMmeFxtFXMQqt\nirHKXLZpZGfWCHK6WuK/6OhMd52G+NXsl9z9yUmk89K8FE5fL3tTY8ruZHu45rcp\nYfl4ZnKxBCgHrBd2DjdnrcBDvOwcIm9ffoYcNe/UCs8/HCJZfTqsf3s7OWtRlp9f\n7agsWzWBFez7m6VgW9zA8/0rilj6C3VMTmcP9T6FPUntVELDxDZTKjGEQcLZE7gi\n2PhNOaJXCrpZ/Tu/uLIXpE/8WrfUZxh55ttOjYZ9V8BQ/ETMrnajOFkrxE0CAwEA\nAQKCAgA+e+fg4ECEp/gmskRLEHrxJ9ICQTKElW/9kkHXG+fsj7OxFBxVflaBfRu8\nIztSTA7GxNwcJGtq0zJu3dix9xPLeailRBK7Z/mtLE5O8xIyN7NKVlzZIcPkp1xx\npcHPOkwxvC/AaPDYjZyjfrXyGZ9yXknnWVP/92YgFI5SEeoQbzYyt1kYFr80Pb2N\n1M9mWtK6d8Cs04QWT027ag8RRlaL+3oU5N9TLsmlsQrvg8ndKTb8+g+V8sAvSCR1\nN05vNJvtYdd9jWSph55UGeyy1bW25pkwEXuPENQ6KLzCVM9jOnUPS9w8sqnIcLXw\nkgIKpJdUKwRsd5pXdm65QaaUnaRiqPd6yQgALh0rb5zWef5GJ95oxED/pTNGg/XJ\n3nREHB1m1Jb7V9uc0KPhKNRo29mCU/RLUP0RxTFW9jpevQfbTmFZLeDZf9FgOd/G\nbbOsZifesBjeM/qF2pLdHKcSHQ7Z0qJDQZJtZ4aoZa2RUn+wKDuWZoEy48n0EGxU\nCu+YdGtv+OD0Yt7Y4BdXSIrYjmsxMhQBUBAFbdpNdmuYhfjSjwdgjdcX0sINepgx\ndZRtXsomdDT0Jdjv+NVh1vvdeYe9EgoAqZy5L6KRQsmG348wpjZ8TsXIT3jjcCL+\nsl22b1ao2KqNeosHM33E+s7EV1rLfOewxS5tfJXoLgn16mb6RwKCAQEA9Edblz1H\nlj2dO57LX1pMe0dK9iGBxHaQpaO6H/e2CXtChxma/3zz1nWUTbSV6ZQMnyfgaq5X\nEFmPWkow9BBf4L0OJJ7HdLzM0UTc41vRMfDTE82iBOxnFgb3ecZ9ZGG1RMK/BDn9\n26Na6U7pgD7nWdBl2jsBbmVKqe9RNeM+BPnEhTVNZYEkjxcIsSl7Gp24QblbLjS6\n98YKcHUx/pluhXvViCyqI9NTl0h5Yci4gbH1LgC+ykGQxPTRqxCfF1XMsDKBO8hm\ndDQOaEALYeMpFgIabyHm5uvNCB/Q2bANINPEMReTly4euSySP+fI2LtAS8nFPXek\n9YDcpmXXhoxwTwKCAQEAzZYHRwdn63jkuiN5ykCSWRava0WlYiALhxeuDHGqLTrE\nx6psCeJiqgm2GUm+Tj7NH7zQJh2EcJFMpC+ZgSmFpToihAVQnoh2f/kFGtksReEo\nl8iFb25K51Uike3p57BubxMUKAstsdkyZwiOLskJ130aD5RNEYx8HhuOWPjoPmD7\n4n4NhvZHHd1w6lDoFju84+7/apK0JP48xw0fRR84SUnti0sbzwkfTcAVIUi97a8C\n5OPthQTSkFfTgwVkxHUNBTgxfd5aelSpUn7M5nnU1UvXUUfXZa91rWKDWf2JTCD/\n75V5F202c4eXIKwtCBxenetVYLj+SXKZucubmTkeowKCAQA31tv7/XkQwfLgPxNU\nL6sN/yUGkHA+fa/g/UU9q31EO5XglhzVTDXdDzGgdahTJZGhDBeDq2ihhyd6xzzb\nfaa9E9pYyqbja4kSSUCJBGMUnG1TuIzRvUxvP5Zwksv1F1S9bBsIF02NWJEehfhg\nZYCzCi1OLnDMUIE5yUfyHoj90C55GM8hZdz6jJRjEw1d7zHAbGOIc2tN2kpmnJOa\nFG6sOrt8DmGyIMuZ6Go+zQhINWrLYkY6q7QxIZmQFhOX3PgWSuU5yjyJUaD9ea5g\naPHqYv6x6rkCjmJm+gbezBykJWRSqIYHZ/aD88lWrGBAEsXGzU+2FlRx/kvyCZOz\n4QSHAoIBAQClRR+ylRyQqs5NaSmGUySTY+4/cWzDlnlN79ZmgJXK6Hy6+qEBzTF9\n+nKen67SXiAujG5UxdPrXpNbRjzEHeonarXGpjMqTw/cTwcwjzfNMXWdl4DVlLe4\ngrNY1wb7z9TnjFHe4yWn3LBtLe6HY+x6hEKIFbNjESnSVlq34dlqFDNJ4AXl4mRH\nePZGGCaLgRiXsFE6jpctSgj4B++EdNWd7UV+fjHr3SyCJ5GVAVJWGiRcd3NBRSA1\nE7WglZxtZp/B+2umATOBNkAsZm04NubHVcHRwMxDHaufaBuqI2zVe43kP6hqEcz9\nURpIFMHazFuv3jjzmaQqzWsRdsIuikG7AoIBAQCwordEU+NKf68Uz3J32dIqUidX\nPIfJTq3dngJH93nU9LRNnwsusaQA05KNc+ShdwLmjdBrHrd4zULA6OIsinxrmsja\nH8jJlA6sDF1YaAuu1wssBAW7047nKcq/9sH58zNgXVOjAfX2J502QnWI2TfK9Wqi\n7Nlktw09WOPexkr1kvMsMMGYtLtn7xMOcKJV/KFSGd4OOIYT/rpkxOvSyO1p7Z6Z\n5isOeDou43ECTjL8Vtoyezo+9XE6Gk957ItaQudyg2FApe+Ig0lQ/aqLf5olfFV4\nm7ZTprZAicxPdYeg9lPwpFXqY3GRs3aQ0pJGkCmcWHvfElce7mFeE+b3e/Zj\n-----END RSA PRIVATE KEY-----\n",
            "content_base64": null,
            "content_base64sha256": "ZgWSporuyLD9qLIJQPHgZ9aHtUylzjDcMdnIdWOiYI0=",
            "content_base64sha512": "rd9GIPA3qmiBZDfyhh1jUXSKdNeuqfUig+8tnsjWzTErfc9GmI6QA42wpwj1r/XFWopa9uF/J0b8H6Q2sKIHfw==",
            "content_md5": "887f2b10b349422e6c91e54300248053",
            "content_sha1": "7ac5e36a4338e0f235f221359c492b441da1f141",
            "content_sha256": "660592a68aeec8b0fda8b20940f1e067d687b54ca5ce30dc31d9c87563a2608d",
            "content_sha512": "addf4620f037aa68816437f2861d6351748a74d7aea9f52283ef2d9ec8d6cd312b7dcf46988e90038db0a708f5aff5c55a8a5af6e17f2746fc1fa436b0a2077f",
            "directory_permission": "0777",
            "file_permission": "0400",
            "filename": "./strapi-project-key.pem",
            "id": "7ac5e36a4338e0f235f221359c492b441da1f141",
            "sensitive_content": null,
            "source": null
          },
          "sensitive_attributes": [
            [
              {
                "type": "get_attr",
                "value": "content"
              }
            ],
            [
              {
                "type": "get_attr",
                "value": "sensitive_content"
              }
            ]
          ],
          "identity_schema_version": 0,
          "dependencies": [
            "tls_private_key.pk"
          ]
        }
      ]
    },
    {
      "mode": "managed",
      "type": "tls_private_key",
      "name": "pk",
      "provider": "provider[\"registry.terraform.io/hashicorp/tls\"]",
      "instances": [
        {
          "schema_version": 1,
          "attributes": {
            "algorithm": "RSA",
            "ecdsa_curve": "P224",
            "id": "79be4850ec4819e100715bca6ba0d2094f3b9274",
            "private_key_openssh": "-----BEGIN OPENSSH PRIVATE KEY-----\nb3BlbnNzaC1rZXktdjEAAAAABG5vbmUAAAAEbm9uZQAAAAAAAAABAAACFwAAAAdz\nc2gtcnNhAAAAAwEAAQAAAgEAxCxNGYEM4cgsR8XO7KnUJw6jicrFwCRbWlgVWw+9\nrutuPhCDGEWofvMk6Surt7Wx2mg3TB8eutiUzzAASsHTbZBdSh/4u8RWeUBr3OsD\nKVVxFz3hDWS3bApwCriTRn/kSMch++y2VNvOS9fqR076rv0KqK2+vGBYZA5gx/OK\nqiBY6VMqFqYzwMFMif8SHyo7Nolnrck6nM8vQUV2NVo0NfX7NZxJNyIVxikHrYXV\nP3W3MT7p9LvVXx2bkGveKIUf9ADR8sDyzzMk8O/jmz7zVTf3f0Ng8hdtaTqTrl35\nSs0KnHwUPfe0DUA8c5j96sEw1mZAEmVetS6ffIl5jjtVB3VHftLZHdU7xDATkVle\niNZ4nEhYXiNFHraReZpwCr7+B0h1uPaoSO9oMHqyMRLCyxid1T5udCEez4EVMmeF\nxtFXMQqtirHKXLZpZGfWCHK6WuK/6OhMd52G+NXsl9z9yUmk89K8FE5fL3tTY8ru\nZHu45rcpYfl4ZnKxBCgHrBd2DjdnrcBDvOwcIm9ffoYcNe/UCs8/HCJZfTqsf3s7\nOWtRlp9f7agsWzWBFez7m6VgW9zA8/0rilj6C3VMTmcP9T6FPUntVELDxDZTKjGE\nQcLZE7gi2PhNOaJXCrpZ/Tu/uLIXpE/8WrfUZxh55ttOjYZ9V8BQ/ETMrnajOFkr\nxE0AAAc49T+vQfU/r0EAAAAHc3NoLXJzYQAAAgEAxCxNGYEM4cgsR8XO7KnUJw6j\nicrFwCRbWlgVWw+9rutuPhCDGEWofvMk6Surt7Wx2mg3TB8eutiUzzAASsHTbZBd\nSh/4u8RWeUBr3OsDKVVxFz3hDWS3bApwCriTRn/kSMch++y2VNvOS9fqR076rv0K\nqK2+vGBYZA5gx/OKqiBY6VMqFqYzwMFMif8SHyo7Nolnrck6nM8vQUV2NVo0NfX7\nNZxJNyIVxikHrYXVP3W3MT7p9LvVXx2bkGveKIUf9ADR8sDyzzMk8O/jmz7zVTf3\nf0Ng8hdtaTqTrl35Ss0KnHwUPfe0DUA8c5j96sEw1mZAEmVetS6ffIl5jjtVB3VH\nftLZHdU7xDATkVleiNZ4nEhYXiNFHraReZpwCr7+B0h1uPaoSO9oMHqyMRLCyxid\n1T5udCEez4EVMmeFxtFXMQqtirHKXLZpZGfWCHK6WuK/6OhMd52G+NXsl9z9yUmk\n89K8FE5fL3tTY8ruZHu45rcpYfl4ZnKxBCgHrBd2DjdnrcBDvOwcIm9ffoYcNe/U\nCs8/HCJZfTqsf3s7OWtRlp9f7agsWzWBFez7m6VgW9zA8/0rilj6C3VMTmcP9T6F\nPUntVELDxDZTKjGEQcLZE7gi2PhNOaJXCrpZ/Tu/uLIXpE/8WrfUZxh55ttOjYZ9\nV8BQ/ETMrnajOFkrxE0AAAADAQABAAACAD575+DgQISn+CayREsQevEn0gJBMoSV\nb/2SQdcb5+yPs7EUHFV+VoF9G7wjO1JMDsbE3Bwka2rTMm7d2LH3E8t5qKVEErtn\n+a0sTk7zEjI3s0pWXNkhw+SnXHGlwc86TDG8L8Bo8NiNnKN+tfIZn3JeSedZU//3\nZiAUjlIR6hBvNjK3WRgWvzQ9vY3Uz2Za0rp3wKzThBZPTbtqDxFGVov7ehTk31Mu\nyaWxCu+Dyd0pNvz6D5XywC9IJHU3Tm80m+1h132NZKmHnlQZ7LLVtbbmmTARe48Q\n1DoovMJUz2M6dQ9L3DyyqchwtfCSAgqkl1QrBGx3mld2brlBppSdpGKo93rJCAAu\nHStvnNZ5/kYn3mjEQP+lM0aD9cnedEQcHWbUlvtX25zQo+Eo1Gjb2YJT9EtQ/RHF\nMVb2Ol69B9tOYVkt4Nl/0WA538Zts6xmJ96wGN4z+oXakt0cpxIdDtnSokNBkm1n\nhqhlrZFSf7AoO5ZmgTLjyfQQbFQK75h0a2/44PRi3tjgF1dIitiOazEyFAFQEAVt\n2k12a5iF+NKPB2CN1xfSwg16mDF1lG1eyiZ0NPQl2O/41WHW+915h70SCgCpnLkv\nopFCyYbfjzCmNnxOxchPeONwIv6yXbZvVqjYqo16iwczfcT6zsRXWst857DFLm18\nleguCfXqZvpHAAABAQCwordEU+NKf68Uz3J32dIqUidXPIfJTq3dngJH93nU9LRN\nnwsusaQA05KNc+ShdwLmjdBrHrd4zULA6OIsinxrmsjaH8jJlA6sDF1YaAuu1wss\nBAW7047nKcq/9sH58zNgXVOjAfX2J502QnWI2TfK9Wqi7Nlktw09WOPexkr1kvMs\nMMGYtLtn7xMOcKJV/KFSGd4OOIYT/rpkxOvSyO1p7Z6Z5isOeDou43ECTjL8Vtoy\nezo+9XE6Gk957ItaQudyg2FApe+Ig0lQ/aqLf5olfFV4m7ZTprZAicxPdYeg9lPw\npFXqY3GRs3aQ0pJGkCmcWHvfElce7mFeE+b3e/ZjAAABAQD0R1uXPUeWPZ07nstf\nWkx7R0r2IYHEdpClo7of97YJe0KHGZr/fPPWdZRNtJXplAyfJ+BqrlcQWY9aSjD0\nEF/gvQ4knsd0vMzRRNzjW9Ex8NMTzaIE7GcWBvd5xn1kYbVEwr8EOf3bo1rpTumA\nPudZ0GXaOwFuZUqp71E14z4E+cSFNU1lgSSPFwixKXsanbhBuVsuNLr3xgpwdTH+\nmW6Fe9WILKoj01OXSHlhyLiBsfUuAL7KQZDE9NGrEJ8XVcywMoE7yGZ0NA5oQAth\n4ykWAhpvIebm680IH9DZsA0g08QxF5OXLh65LJI/58jYu0BLycU9d6T1gNymZdeG\njHBPAAABAQDNlgdHB2freOS6I3nKQJJZFq9rRaViIAuHF64McaotOsTHqmwJ4mKq\nCbYZSb5OPs0fvNAmHYRwkUykL5mBKYWlOiKEBVCeiHZ/+QUa2SxF4SiXyIVvbkrn\nVSKR7ennsG5vExQoCy2x2TJnCI4uyQnXfRoPlE0RjHweG45Y+Og+YPvifg2G9kcd\n3XDqUOgWO7zj7v9qkrQk/jzHDR9FHzhJSe2LSxvPCR9NwBUhSL3trwLk4+2FBNKQ\nV9ODBWTEdQ0FODF93lp6VKlSfszmedTVS9dRR9dlr3WtYoNZ/YlMIP/vlXkXbTZz\nh5cgrC0IHF6d61VguP5Jcpm5y5uZOR6jAAAAAAEC\n-----END OPENSSH PRIVATE KEY-----\n",
            "private_key_pem": "-----BEGIN RSA PRIVATE KEY-----\nMIIJKQIBAAKCAgEAxCxNGYEM4cgsR8XO7KnUJw6jicrFwCRbWlgVWw+9rutuPhCD\nGEWofvMk6Surt7Wx2mg3TB8eutiUzzAASsHTbZBdSh/4u8RWeUBr3OsDKVVxFz3h\nDWS3bApwCriTRn/kSMch++y2VNvOS9fqR076rv0KqK2+vGBYZA5gx/OKqiBY6VMq\nFqYzwMFMif8SHyo7Nolnrck6nM8vQUV2NVo0NfX7NZxJNyIVxikHrYXVP3W3MT7p\n9LvVXx2bkGveKIUf9ADR8sDyzzMk8O/jmz7zVTf3f0Ng8hdtaTqTrl35Ss0KnHwU\nPfe0DUA8c5j96sEw1mZAEmVetS6ffIl5jjtVB3VHftLZHdU7xDATkVleiNZ4nEhY\nXiNFHraReZpwCr7+B0h1uPaoSO9oMHqyMRLCyxid1T5udCEez4EVMmeFxtFXMQqt\nirHKXLZpZGfWCHK6WuK/6OhMd52G+NXsl9z9yUmk89K8FE5fL3tTY8ruZHu45rcp\nYfl4ZnKxBCgHrBd2DjdnrcBDvOwcIm9ffoYcNe/UCs8/HCJZfTqsf3s7OWtRlp9f\n7agsWzWBFez7m6VgW9zA8/0rilj6C3VMTmcP9T6FPUntVELDxDZTKjGEQcLZE7gi\n2PhNOaJXCrpZ/Tu/uLIXpE/8WrfUZxh55ttOjYZ9V8BQ/ETMrnajOFkrxE0CAwEA\nAQKCAgA+e+fg4ECEp/gmskRLEHrxJ9ICQTKElW/9kkHXG+fsj7OxFBxVflaBfRu8\nIztSTA7GxNwcJGtq0zJu3dix9xPLeailRBK7Z/mtLE5O8xIyN7NKVlzZIcPkp1xx\npcHPOkwxvC/AaPDYjZyjfrXyGZ9yXknnWVP/92YgFI5SEeoQbzYyt1kYFr80Pb2N\n1M9mWtK6d8Cs04QWT027ag8RRlaL+3oU5N9TLsmlsQrvg8ndKTb8+g+V8sAvSCR1\nN05vNJvtYdd9jWSph55UGeyy1bW25pkwEXuPENQ6KLzCVM9jOnUPS9w8sqnIcLXw\nkgIKpJdUKwRsd5pXdm65QaaUnaRiqPd6yQgALh0rb5zWef5GJ95oxED/pTNGg/XJ\n3nREHB1m1Jb7V9uc0KPhKNRo29mCU/RLUP0RxTFW9jpevQfbTmFZLeDZf9FgOd/G\nbbOsZifesBjeM/qF2pLdHKcSHQ7Z0qJDQZJtZ4aoZa2RUn+wKDuWZoEy48n0EGxU\nCu+YdGtv+OD0Yt7Y4BdXSIrYjmsxMhQBUBAFbdpNdmuYhfjSjwdgjdcX0sINepgx\ndZRtXsomdDT0Jdjv+NVh1vvdeYe9EgoAqZy5L6KRQsmG348wpjZ8TsXIT3jjcCL+\nsl22b1ao2KqNeosHM33E+s7EV1rLfOewxS5tfJXoLgn16mb6RwKCAQEA9Edblz1H\nlj2dO57LX1pMe0dK9iGBxHaQpaO6H/e2CXtChxma/3zz1nWUTbSV6ZQMnyfgaq5X\nEFmPWkow9BBf4L0OJJ7HdLzM0UTc41vRMfDTE82iBOxnFgb3ecZ9ZGG1RMK/BDn9\n26Na6U7pgD7nWdBl2jsBbmVKqe9RNeM+BPnEhTVNZYEkjxcIsSl7Gp24QblbLjS6\n98YKcHUx/pluhXvViCyqI9NTl0h5Yci4gbH1LgC+ykGQxPTRqxCfF1XMsDKBO8hm\ndDQOaEALYeMpFgIabyHm5uvNCB/Q2bANINPEMReTly4euSySP+fI2LtAS8nFPXek\n9YDcpmXXhoxwTwKCAQEAzZYHRwdn63jkuiN5ykCSWRava0WlYiALhxeuDHGqLTrE\nx6psCeJiqgm2GUm+Tj7NH7zQJh2EcJFMpC+ZgSmFpToihAVQnoh2f/kFGtksReEo\nl8iFb25K51Uike3p57BubxMUKAstsdkyZwiOLskJ130aD5RNEYx8HhuOWPjoPmD7\n4n4NhvZHHd1w6lDoFju84+7/apK0JP48xw0fRR84SUnti0sbzwkfTcAVIUi97a8C\n5OPthQTSkFfTgwVkxHUNBTgxfd5aelSpUn7M5nnU1UvXUUfXZa91rWKDWf2JTCD/\n75V5F202c4eXIKwtCBxenetVYLj+SXKZucubmTkeowKCAQA31tv7/XkQwfLgPxNU\nL6sN/yUGkHA+fa/g/UU9q31EO5XglhzVTDXdDzGgdahTJZGhDBeDq2ihhyd6xzzb\nfaa9E9pYyqbja4kSSUCJBGMUnG1TuIzRvUxvP5Zwksv1F1S9bBsIF02NWJEehfhg\nZYCzCi1OLnDMUIE5yUfyHoj90C55GM8hZdz6jJRjEw1d7zHAbGOIc2tN2kpmnJOa\nFG6sOrt8DmGyIMuZ6Go+zQhINWrLYkY6q7QxIZmQFhOX3PgWSuU5yjyJUaD9ea5g\naPHqYv6x6rkCjmJm+gbezBykJWRSqIYHZ/aD88lWrGBAEsXGzU+2FlRx/kvyCZOz\n4QSHAoIBAQClRR+ylRyQqs5NaSmGUySTY+4/cWzDlnlN79ZmgJXK6Hy6+qEBzTF9\n+nKen67SXiAujG5UxdPrXpNbRjzEHeonarXGpjMqTw/cTwcwjzfNMXWdl4DVlLe4\ngrNY1wb7z9TnjFHe4yWn3LBtLe6HY+x6hEKIFbNjESnSVlq34dlqFDNJ4AXl4mRH\nePZGGCaLgRiXsFE6jpctSgj4B++EdNWd7UV+fjHr3SyCJ5GVAVJWGiRcd3NBRSA1\nE7WglZxtZp/B+2umATOBNkAsZm04NubHVcHRwMxDHaufaBuqI2zVe43kP6hqEcz9\nURpIFMHazFuv3jjzmaQqzWsRdsIuikG7AoIBAQCwordEU+NKf68Uz3J32dIqUidX\nPIfJTq3dngJH93nU9LRNnwsusaQA05KNc+ShdwLmjdBrHrd4zULA6OIsinxrmsja\nH8jJlA6sDF1YaAuu1wssBAW7047nKcq/9sH58zNgXVOjAfX2J502QnWI2TfK9Wqi\n7Nlktw09WOPexkr1kvMsMMGYtLtn7xMOcKJV/KFSGd4OOIYT/rpkxOvSyO1p7Z6Z\n5isOeDou43ECTjL8Vtoyezo+9XE6Gk957ItaQudyg2FApe+Ig0lQ/aqLf5olfFV4\nm7ZTprZAicxPdYeg9lPwpFXqY3GRs3aQ0pJGkCmcWHvfElce7mFeE+b3e/Zj\n-----END RSA PRIVATE KEY-----\n",
            "private_key_pem_pkcs8": "-----BEGIN PRIVATE KEY-----\nMIIJQwIBADANBgkqhkiG9w0BAQEFAASCCS0wggkpAgEAAoICAQDELE0ZgQzhyCxH\nxc7sqdQnDqOJysXAJFtaWBVbD72u624+EIMYRah+8yTpK6u3tbHaaDdMHx662JTP\nMABKwdNtkF1KH/i7xFZ5QGvc6wMpVXEXPeENZLdsCnAKuJNGf+RIxyH77LZU285L\n1+pHTvqu/Qqorb68YFhkDmDH84qqIFjpUyoWpjPAwUyJ/xIfKjs2iWetyTqczy9B\nRXY1WjQ19fs1nEk3IhXGKQethdU/dbcxPun0u9VfHZuQa94ohR/0ANHywPLPMyTw\n7+ObPvNVN/d/Q2DyF21pOpOuXflKzQqcfBQ997QNQDxzmP3qwTDWZkASZV61Lp98\niXmOO1UHdUd+0tkd1TvEMBORWV6I1nicSFheI0UetpF5mnAKvv4HSHW49qhI72gw\nerIxEsLLGJ3VPm50IR7PgRUyZ4XG0VcxCq2KscpctmlkZ9YIcrpa4r/o6Ex3nYb4\n1eyX3P3JSaTz0rwUTl8ve1Njyu5ke7jmtylh+XhmcrEEKAesF3YON2etwEO87Bwi\nb19+hhw179QKzz8cIll9Oqx/ezs5a1GWn1/tqCxbNYEV7PubpWBb3MDz/SuKWPoL\ndUxOZw/1PoU9Se1UQsPENlMqMYRBwtkTuCLY+E05olcKuln9O7+4shekT/xat9Rn\nGHnm206Nhn1XwFD8RMyudqM4WSvETQIDAQABAoICAD575+DgQISn+CayREsQevEn\n0gJBMoSVb/2SQdcb5+yPs7EUHFV+VoF9G7wjO1JMDsbE3Bwka2rTMm7d2LH3E8t5\nqKVEErtn+a0sTk7zEjI3s0pWXNkhw+SnXHGlwc86TDG8L8Bo8NiNnKN+tfIZn3Je\nSedZU//3ZiAUjlIR6hBvNjK3WRgWvzQ9vY3Uz2Za0rp3wKzThBZPTbtqDxFGVov7\nehTk31MuyaWxCu+Dyd0pNvz6D5XywC9IJHU3Tm80m+1h132NZKmHnlQZ7LLVtbbm\nmTARe48Q1DoovMJUz2M6dQ9L3DyyqchwtfCSAgqkl1QrBGx3mld2brlBppSdpGKo\n93rJCAAuHStvnNZ5/kYn3mjEQP+lM0aD9cnedEQcHWbUlvtX25zQo+Eo1Gjb2YJT\n9EtQ/RHFMVb2Ol69B9tOYVkt4Nl/0WA538Zts6xmJ96wGN4z+oXakt0cpxIdDtnS\nokNBkm1nhqhlrZFSf7AoO5ZmgTLjyfQQbFQK75h0a2/44PRi3tjgF1dIitiOazEy\nFAFQEAVt2k12a5iF+NKPB2CN1xfSwg16mDF1lG1eyiZ0NPQl2O/41WHW+915h70S\nCgCpnLkvopFCyYbfjzCmNnxOxchPeONwIv6yXbZvVqjYqo16iwczfcT6zsRXWst8\n57DFLm18leguCfXqZvpHAoIBAQD0R1uXPUeWPZ07nstfWkx7R0r2IYHEdpClo7of\n97YJe0KHGZr/fPPWdZRNtJXplAyfJ+BqrlcQWY9aSjD0EF/gvQ4knsd0vMzRRNzj\nW9Ex8NMTzaIE7GcWBvd5xn1kYbVEwr8EOf3bo1rpTumAPudZ0GXaOwFuZUqp71E1\n4z4E+cSFNU1lgSSPFwixKXsanbhBuVsuNLr3xgpwdTH+mW6Fe9WILKoj01OXSHlh\nyLiBsfUuAL7KQZDE9NGrEJ8XVcywMoE7yGZ0NA5oQAth4ykWAhpvIebm680IH9DZ\nsA0g08QxF5OXLh65LJI/58jYu0BLycU9d6T1gNymZdeGjHBPAoIBAQDNlgdHB2fr\neOS6I3nKQJJZFq9rRaViIAuHF64McaotOsTHqmwJ4mKqCbYZSb5OPs0fvNAmHYRw\nkUykL5mBKYWlOiKEBVCeiHZ/+QUa2SxF4SiXyIVvbkrnVSKR7ennsG5vExQoCy2x\n2TJnCI4uyQnXfRoPlE0RjHweG45Y+Og+YPvifg2G9kcd3XDqUOgWO7zj7v9qkrQk\n/jzHDR9FHzhJSe2LSxvPCR9NwBUhSL3trwLk4+2FBNKQV9ODBWTEdQ0FODF93lp6\nVKlSfszmedTVS9dRR9dlr3WtYoNZ/YlMIP/vlXkXbTZzh5cgrC0IHF6d61VguP5J\ncpm5y5uZOR6jAoIBADfW2/v9eRDB8uA/E1Qvqw3/JQaQcD59r+D9RT2rfUQ7leCW\nHNVMNd0PMaB1qFMlkaEMF4OraKGHJ3rHPNt9pr0T2ljKpuNriRJJQIkEYxScbVO4\njNG9TG8/lnCSy/UXVL1sGwgXTY1YkR6F+GBlgLMKLU4ucMxQgTnJR/IeiP3QLnkY\nzyFl3PqMlGMTDV3vMcBsY4hza03aSmack5oUbqw6u3wOYbIgy5noaj7NCEg1asti\nRjqrtDEhmZAWE5fc+BZK5TnKPIlRoP15rmBo8epi/rHquQKOYmb6Bt7MHKQlZFKo\nhgdn9oPzyVasYEASxcbNT7YWVHH+S/IJk7PhBIcCggEBAKVFH7KVHJCqzk1pKYZT\nJJNj7j9xbMOWeU3v1maAlcrofLr6oQHNMX36cp6frtJeIC6MblTF0+tek1tGPMQd\n6idqtcamMypPD9xPBzCPN80xdZ2XgNWUt7iCs1jXBvvP1OeMUd7jJafcsG0t7odj\n7HqEQogVs2MRKdJWWrfh2WoUM0ngBeXiZEd49kYYJouBGJewUTqOly1KCPgH74R0\n1Z3tRX5+MevdLIInkZUBUlYaJFx3c0FFIDUTtaCVnG1mn8H7a6YBM4E2QCxmbTg2\n5sdVwdHAzEMdq59oG6ojbNV7jeQ/qGoRzP1RGkgUwdrMW6/eOPOZpCrNaxF2wi6K\nQbsCggEBALCit0RT40p/rxTPcnfZ0ipSJ1c8h8lOrd2eAkf3edT0tE2fCy6xpADT\nko1z5KF3AuaN0Gset3jNQsDo4iyKfGuayNofyMmUDqwMXVhoC67XCywEBbvTjucp\nyr/2wfnzM2BdU6MB9fYnnTZCdYjZN8r1aqLs2WS3DT1Y497GSvWS8ywwwZi0u2fv\nEw5wolX8oVIZ3g44hhP+umTE69LI7WntnpnmKw54Oi7jcQJOMvxW2jJ7Oj71cToa\nT3nsi1pC53KDYUCl74iDSVD9qot/miV8VXibtlOmtkCJzE91h6D2U/CkVepjcZGz\ndpDSkkaQKZxYe98SVx7uYV4T5vd79mM=\n-----END PRIVATE KEY-----\n",
            "public_key_fingerprint_md5": "53:3a:ab:58:13:58:a1:16:d1:50:cc:7e:13:3f:c8:eb",
            "public_key_fingerprint_sha256": "SHA256:8rDO2c9zD9ybnYiTBua8tYu0zzceYrTcYRqmFw1SZpw",
            "public_key_openssh": "ssh-rsa AAAAB3NzaC1yc2EAAAADAQABAAACAQDELE0ZgQzhyCxHxc7sqdQnDqOJysXAJFtaWBVbD72u624+EIMYRah+8yTpK6u3tbHaaDdMHx662JTPMABKwdNtkF1KH/i7xFZ5QGvc6wMpVXEXPeENZLdsCnAKuJNGf+RIxyH77LZU285L1+pHTvqu/Qqorb68YFhkDmDH84qqIFjpUyoWpjPAwUyJ/xIfKjs2iWetyTqczy9BRXY1WjQ19fs1nEk3IhXGKQethdU/dbcxPun0u9VfHZuQa94ohR/0ANHywPLPMyTw7+ObPvNVN/d/Q2DyF21pOpOuXflKzQqcfBQ997QNQDxzmP3qwTDWZkASZV61Lp98iXmOO1UHdUd+0tkd1TvEMBORWV6I1nicSFheI0UetpF5mnAKvv4HSHW49qhI72gwerIxEsLLGJ3VPm50IR7PgRUyZ4XG0VcxCq2KscpctmlkZ9YIcrpa4r/o6Ex3nYb41eyX3P3JSaTz0rwUTl8ve1Njyu5ke7jmtylh+XhmcrEEKAesF3YON2etwEO87Bwib19+hhw179QKzz8cIll9Oqx/ezs5a1GWn1/tqCxbNYEV7PubpWBb3MDz/SuKWPoLdUxOZw/1PoU9Se1UQsPENlMqMYRBwtkTuCLY+E05olcKuln9O7+4shekT/xat9RnGHnm206Nhn1XwFD8RMyudqM4WSvETQ==\n",
            "public_key_pem": "-----BEGIN PUBLIC KEY-----\nMIICIjANBgkqhkiG9w0BAQEFAAOCAg8AMIICCgKCAgEAxCxNGYEM4cgsR8XO7KnU\nJw6jicrFwCRbWlgVWw+9rutuPhCDGEWofvMk6Surt7Wx2mg3TB8eutiUzzAASsHT\nbZBdSh/4u8RWeUBr3OsDKVVxFz3hDWS3bApwCriTRn/kSMch++y2VNvOS9fqR076\nrv0KqK2+vGBYZA5gx/OKqiBY6VMqFqYzwMFMif8SHyo7Nolnrck6nM8vQUV2NVo0\nNfX7NZxJNyIVxikHrYXVP3W3MT7p9LvVXx2bkGveKIUf9ADR8sDyzzMk8O/jmz7z\nVTf3f0Ng8hdtaTqTrl35Ss0KnHwUPfe0DUA8c5j96sEw1mZAEmVetS6ffIl5jjtV\nB3VHftLZHdU7xDATkVleiNZ4nEhYXiNFHraReZpwCr7+B0h1uPaoSO9oMHqyMRLC\nyxid1T5udCEez4EVMmeFxtFXMQqtirHKXLZpZGfWCHK6WuK/6OhMd52G+NXsl9z9\nyUmk89K8FE5fL3tTY8ruZHu45rcpYfl4ZnKxBCgHrBd2DjdnrcBDvOwcIm9ffoYc\nNe/UCs8/HCJZfTqsf3s7OWtRlp9f7agsWzWBFez7m6VgW9zA8/0rilj6C3VMTmcP\n9T6FPUntVELDxDZTKjGEQcLZE7gi2PhNOaJXCrpZ/Tu/uLIXpE/8WrfUZxh55ttO\njYZ9V8BQ/ETMrnajOFkrxE0CAwEAAQ==\n-----END PUBLIC KEY-----\n",
            "rsa_bits": 4096
          },
          "sensitive_attributes": [
            [
              {
                "type": "get_attr",
                "value": "private_key_openssh"
              }
            ],
            [
              {
                "type": "get_attr",
                "value": "private_key_pem"
              }
            ],
            [
              {
                "type": "get_attr",
                "value": "private_key_pem_pkcs8"
              }
            ]
          ],
          "identity_schema_version": 0
        }
      ]
    }
  ],
  "check_results": null
}
